
Microsoft Visual Studio Solution File, Format Version 12.00
# Visual Studio 2013
VisualStudioVersion = 12.0.21005.1
MinimumVisualStudioVersion = 10.0.40219.1
Project("{FAE04EC0-301F-11D3-BF4B-00C04F79EFBC}") = "urlme.site", "urlme.site\urlme.site.csproj", "{1383FB5C-4090-45FC-ADD7-F38B01C9355E}"
EndProject
Project("{FAE04EC0-301F-11D3-BF4B-00C04F79EFBC}") = "urlme.api", "urlme.api\urlme.api.csproj", "{4CB71240-3B05-49BA-848E-05EFCD8D5293}"
EndProject
Global
	GlobalSection(SolutionConfigurationPlatforms) = preSolution
		Debug|Any CPU = Debug|Any CPU
		Release|Any CPU = Release|Any CPU
	EndGlobalSection
	GlobalSection(ProjectConfigurationPlatforms) = postSolution
		{1383FB5C-4090-45FC-ADD7-F38B01C9355E}.Debug|Any CPU.ActiveCfg = Debug|Any CPU
		{1383FB5C-4090-45FC-ADD7-F38B01C9355E}.Debug|Any CPU.Build.0 = Debug|Any CPU
		{1383FB5C-4090-45FC-ADD7-F38B01C9355E}.Release|Any CPU.ActiveCfg = Release|Any CPU
		{1383FB5C-4090-45FC-ADD7-F38B01C9355E}.Release|Any CPU.Build.0 = Release|Any CPU
		{4CB71240-3B05-49BA-848E-05EFCD8D5293}.Debug|Any CPU.ActiveCfg = Debug|Any CPU
		{4CB71240-3B05-49BA-848E-05EFCD8D5293}.Debug|Any CPU.Build.0 = Debug|Any CPU
		{4CB71240-3B05-49BA-848E-05EFCD8D5293}.Release|Any CPU.ActiveCfg = Release|Any CPU
		{4CB71240-3B05-49BA-848E-05EFCD8D5293}.Release|Any CPU.Build.0 = Release|Any CPU
	EndGlobalSection
	GlobalSection(SolutionProperties) = preSolution
		HideSolutionNode = FALSE
	EndGlobalSection
EndGlobal
