
Microsoft Visual Studio Solution File, Format Version 12.00
# Visual Studio 2012
Project("{FAE04EC0-301F-11D3-BF4B-00C04F79EFBC}") = "futonFinder.Site", "futonFinder.Site\futonFinder.Site.csproj", "{516A5C9D-65AF-4E38-BAE3-BDF719F43FD1}"
EndProject
Project("{FAE04EC0-301F-11D3-BF4B-00C04F79EFBC}") = "futonFinder.Data", "futonFinder.Data\futonFinder.Data.csproj", "{C4DC9FC4-CBE6-42C4-8A14-CE5310980DA4}"
EndProject
Project("{FAE04EC0-301F-11D3-BF4B-00C04F79EFBC}") = "futonFinder.Core", "futonFinder.Core\futonFinder.Core.csproj", "{8B0D94BE-750F-43C4-AD7A-96419A4BF255}"
EndProject
Global
	GlobalSection(SolutionConfigurationPlatforms) = preSolution
		Debug|Any CPU = Debug|Any CPU
		Release|Any CPU = Release|Any CPU
	EndGlobalSection
	GlobalSection(ProjectConfigurationPlatforms) = postSolution
		{516A5C9D-65AF-4E38-BAE3-BDF719F43FD1}.Debug|Any CPU.ActiveCfg = Debug|Any CPU
		{516A5C9D-65AF-4E38-BAE3-BDF719F43FD1}.Debug|Any CPU.Build.0 = Debug|Any CPU
		{516A5C9D-65AF-4E38-BAE3-BDF719F43FD1}.Release|Any CPU.ActiveCfg = Release|Any CPU
		{516A5C9D-65AF-4E38-BAE3-BDF719F43FD1}.Release|Any CPU.Build.0 = Release|Any CPU
		{C4DC9FC4-CBE6-42C4-8A14-CE5310980DA4}.Debug|Any CPU.ActiveCfg = Debug|Any CPU
		{C4DC9FC4-CBE6-42C4-8A14-CE5310980DA4}.Debug|Any CPU.Build.0 = Debug|Any CPU
		{C4DC9FC4-CBE6-42C4-8A14-CE5310980DA4}.Release|Any CPU.ActiveCfg = Release|Any CPU
		{C4DC9FC4-CBE6-42C4-8A14-CE5310980DA4}.Release|Any CPU.Build.0 = Release|Any CPU
		{8B0D94BE-750F-43C4-AD7A-96419A4BF255}.Debug|Any CPU.ActiveCfg = Debug|Any CPU
		{8B0D94BE-750F-43C4-AD7A-96419A4BF255}.Debug|Any CPU.Build.0 = Debug|Any CPU
		{8B0D94BE-750F-43C4-AD7A-96419A4BF255}.Release|Any CPU.ActiveCfg = Release|Any CPU
		{8B0D94BE-750F-43C4-AD7A-96419A4BF255}.Release|Any CPU.Build.0 = Release|Any CPU
	EndGlobalSection
	GlobalSection(SolutionProperties) = preSolution
		HideSolutionNode = FALSE
	EndGlobalSection
EndGlobal
