
Microsoft Visual Studio Solution File, Format Version 12.00
# Visual Studio 2012
Project("{2150E333-8FDC-42A3-9474-1A3956D46DE8}") = "Solution Items", "Solution Items", "{492EA35F-AED4-4822-861B-0345245422DE}"
	ProjectSection(SolutionItems) = preProject
		imdb_json.txt = imdb_json.txt
		redbox_top20_xml.txt = redbox_top20_xml.txt
		rt_json.txt = rt_json.txt
		showtimes_html.txt = showtimes_html.txt
		twitterSearch.txt = twitterSearch.txt
	EndProjectSection
EndProject
Project("{FAE04EC0-301F-11D3-BF4B-00C04F79EFBC}") = "movies.Site", "..\movies.Site\movies.Site.csproj", "{355E8845-498C-4DA3-8935-F5CE4162077E}"
EndProject
Project("{FAE04EC0-301F-11D3-BF4B-00C04F79EFBC}") = "movies.Core", "..\movies.Core\movies.Core.csproj", "{63346CED-35BF-407F-97AF-C6E3BD35A26B}"
EndProject
Project("{FAE04EC0-301F-11D3-BF4B-00C04F79EFBC}") = "movies.Model", "..\movies.Model\movies.Model.csproj", "{7226B672-9854-451C-AADF-AF3DFB0BAE01}"
EndProject
Project("{FAE04EC0-301F-11D3-BF4B-00C04F79EFBC}") = "movies.API", "..\movies.API\movies.API.csproj", "{36E52FBC-BFC5-4149-89AA-167247CE3D56}"
EndProject
Project("{FAE04EC0-301F-11D3-BF4B-00C04F79EFBC}") = "movies.Data", "..\movies.Data\movies.Data.csproj", "{E700A5F1-F8F3-4DE3-B75A-0954663E38CD}"
EndProject
Project("{FAE04EC0-301F-11D3-BF4B-00C04F79EFBC}") = "movies.SiteMvc4", "..\movies.SiteMvc4\movies.SiteMvc4.csproj", "{AF01DE4C-F025-4F6A-AFCC-85E002ACE773}"
EndProject
Global
	GlobalSection(SolutionConfigurationPlatforms) = preSolution
		Debug|Any CPU = Debug|Any CPU
		Debug|Mixed Platforms = Debug|Mixed Platforms
		Debug|x86 = Debug|x86
		Release|Any CPU = Release|Any CPU
		Release|Mixed Platforms = Release|Mixed Platforms
		Release|x86 = Release|x86
	EndGlobalSection
	GlobalSection(ProjectConfigurationPlatforms) = postSolution
		{355E8845-498C-4DA3-8935-F5CE4162077E}.Debug|Any CPU.ActiveCfg = Debug|Any CPU
		{355E8845-498C-4DA3-8935-F5CE4162077E}.Debug|Any CPU.Build.0 = Debug|Any CPU
		{355E8845-498C-4DA3-8935-F5CE4162077E}.Debug|Mixed Platforms.ActiveCfg = Debug|Any CPU
		{355E8845-498C-4DA3-8935-F5CE4162077E}.Debug|Mixed Platforms.Build.0 = Debug|Any CPU
		{355E8845-498C-4DA3-8935-F5CE4162077E}.Debug|x86.ActiveCfg = Debug|Any CPU
		{355E8845-498C-4DA3-8935-F5CE4162077E}.Release|Any CPU.ActiveCfg = Release|Any CPU
		{355E8845-498C-4DA3-8935-F5CE4162077E}.Release|Any CPU.Build.0 = Release|Any CPU
		{355E8845-498C-4DA3-8935-F5CE4162077E}.Release|Mixed Platforms.ActiveCfg = Release|Any CPU
		{355E8845-498C-4DA3-8935-F5CE4162077E}.Release|Mixed Platforms.Build.0 = Release|Any CPU
		{355E8845-498C-4DA3-8935-F5CE4162077E}.Release|x86.ActiveCfg = Release|Any CPU
		{63346CED-35BF-407F-97AF-C6E3BD35A26B}.Debug|Any CPU.ActiveCfg = Debug|Any CPU
		{63346CED-35BF-407F-97AF-C6E3BD35A26B}.Debug|Any CPU.Build.0 = Debug|Any CPU
		{63346CED-35BF-407F-97AF-C6E3BD35A26B}.Debug|Mixed Platforms.ActiveCfg = Debug|Any CPU
		{63346CED-35BF-407F-97AF-C6E3BD35A26B}.Debug|Mixed Platforms.Build.0 = Debug|Any CPU
		{63346CED-35BF-407F-97AF-C6E3BD35A26B}.Debug|x86.ActiveCfg = Debug|Any CPU
		{63346CED-35BF-407F-97AF-C6E3BD35A26B}.Release|Any CPU.ActiveCfg = Release|Any CPU
		{63346CED-35BF-407F-97AF-C6E3BD35A26B}.Release|Any CPU.Build.0 = Release|Any CPU
		{63346CED-35BF-407F-97AF-C6E3BD35A26B}.Release|Mixed Platforms.ActiveCfg = Release|Any CPU
		{63346CED-35BF-407F-97AF-C6E3BD35A26B}.Release|Mixed Platforms.Build.0 = Release|Any CPU
		{63346CED-35BF-407F-97AF-C6E3BD35A26B}.Release|x86.ActiveCfg = Release|Any CPU
		{7226B672-9854-451C-AADF-AF3DFB0BAE01}.Debug|Any CPU.ActiveCfg = Debug|Any CPU
		{7226B672-9854-451C-AADF-AF3DFB0BAE01}.Debug|Any CPU.Build.0 = Debug|Any CPU
		{7226B672-9854-451C-AADF-AF3DFB0BAE01}.Debug|Mixed Platforms.ActiveCfg = Debug|Any CPU
		{7226B672-9854-451C-AADF-AF3DFB0BAE01}.Debug|Mixed Platforms.Build.0 = Debug|Any CPU
		{7226B672-9854-451C-AADF-AF3DFB0BAE01}.Debug|x86.ActiveCfg = Debug|Any CPU
		{7226B672-9854-451C-AADF-AF3DFB0BAE01}.Release|Any CPU.ActiveCfg = Release|Any CPU
		{7226B672-9854-451C-AADF-AF3DFB0BAE01}.Release|Any CPU.Build.0 = Release|Any CPU
		{7226B672-9854-451C-AADF-AF3DFB0BAE01}.Release|Mixed Platforms.ActiveCfg = Release|Any CPU
		{7226B672-9854-451C-AADF-AF3DFB0BAE01}.Release|Mixed Platforms.Build.0 = Release|Any CPU
		{7226B672-9854-451C-AADF-AF3DFB0BAE01}.Release|x86.ActiveCfg = Release|Any CPU
		{36E52FBC-BFC5-4149-89AA-167247CE3D56}.Debug|Any CPU.ActiveCfg = Debug|Any CPU
		{36E52FBC-BFC5-4149-89AA-167247CE3D56}.Debug|Any CPU.Build.0 = Debug|Any CPU
		{36E52FBC-BFC5-4149-89AA-167247CE3D56}.Debug|Mixed Platforms.ActiveCfg = Debug|Any CPU
		{36E52FBC-BFC5-4149-89AA-167247CE3D56}.Debug|Mixed Platforms.Build.0 = Debug|Any CPU
		{36E52FBC-BFC5-4149-89AA-167247CE3D56}.Debug|x86.ActiveCfg = Debug|Any CPU
		{36E52FBC-BFC5-4149-89AA-167247CE3D56}.Release|Any CPU.ActiveCfg = Release|Any CPU
		{36E52FBC-BFC5-4149-89AA-167247CE3D56}.Release|Any CPU.Build.0 = Release|Any CPU
		{36E52FBC-BFC5-4149-89AA-167247CE3D56}.Release|Mixed Platforms.ActiveCfg = Release|Any CPU
		{36E52FBC-BFC5-4149-89AA-167247CE3D56}.Release|Mixed Platforms.Build.0 = Release|Any CPU
		{36E52FBC-BFC5-4149-89AA-167247CE3D56}.Release|x86.ActiveCfg = Release|Any CPU
		{E700A5F1-F8F3-4DE3-B75A-0954663E38CD}.Debug|Any CPU.ActiveCfg = Debug|Any CPU
		{E700A5F1-F8F3-4DE3-B75A-0954663E38CD}.Debug|Any CPU.Build.0 = Debug|Any CPU
		{E700A5F1-F8F3-4DE3-B75A-0954663E38CD}.Debug|Mixed Platforms.ActiveCfg = Debug|Any CPU
		{E700A5F1-F8F3-4DE3-B75A-0954663E38CD}.Debug|Mixed Platforms.Build.0 = Debug|Any CPU
		{E700A5F1-F8F3-4DE3-B75A-0954663E38CD}.Debug|x86.ActiveCfg = Debug|Any CPU
		{E700A5F1-F8F3-4DE3-B75A-0954663E38CD}.Release|Any CPU.ActiveCfg = Release|Any CPU
		{E700A5F1-F8F3-4DE3-B75A-0954663E38CD}.Release|Any CPU.Build.0 = Release|Any CPU
		{E700A5F1-F8F3-4DE3-B75A-0954663E38CD}.Release|Mixed Platforms.ActiveCfg = Release|Any CPU
		{E700A5F1-F8F3-4DE3-B75A-0954663E38CD}.Release|Mixed Platforms.Build.0 = Release|Any CPU
		{E700A5F1-F8F3-4DE3-B75A-0954663E38CD}.Release|x86.ActiveCfg = Release|Any CPU
		{AF01DE4C-F025-4F6A-AFCC-85E002ACE773}.Debug|Any CPU.ActiveCfg = Debug|Any CPU
		{AF01DE4C-F025-4F6A-AFCC-85E002ACE773}.Debug|Any CPU.Build.0 = Debug|Any CPU
		{AF01DE4C-F025-4F6A-AFCC-85E002ACE773}.Debug|Mixed Platforms.ActiveCfg = Debug|Any CPU
		{AF01DE4C-F025-4F6A-AFCC-85E002ACE773}.Debug|Mixed Platforms.Build.0 = Debug|Any CPU
		{AF01DE4C-F025-4F6A-AFCC-85E002ACE773}.Debug|x86.ActiveCfg = Debug|Any CPU
		{AF01DE4C-F025-4F6A-AFCC-85E002ACE773}.Release|Any CPU.ActiveCfg = Release|Any CPU
		{AF01DE4C-F025-4F6A-AFCC-85E002ACE773}.Release|Any CPU.Build.0 = Release|Any CPU
		{AF01DE4C-F025-4F6A-AFCC-85E002ACE773}.Release|Mixed Platforms.ActiveCfg = Release|Any CPU
		{AF01DE4C-F025-4F6A-AFCC-85E002ACE773}.Release|Mixed Platforms.Build.0 = Release|Any CPU
		{AF01DE4C-F025-4F6A-AFCC-85E002ACE773}.Release|x86.ActiveCfg = Release|Any CPU
	EndGlobalSection
	GlobalSection(SolutionProperties) = preSolution
		HideSolutionNode = FALSE
	EndGlobalSection
EndGlobal
